
Microsoft Visual Studio Solution File, Format Version 11.00
# Visual Studio 2010
Project("{FAE04EC0-301F-11D3-BF4B-00C04F79EFBC}") = "Dapper.Extensions", "Dapper.Extensions\Dapper.Extensions.csproj", "{471CD7D0-5BDA-43A2-96A8-0A8E2572A247}"
EndProject
Global
	GlobalSection(SolutionConfigurationPlatforms) = preSolution
		Debug|Any CPU = Debug|Any CPU
		Release|Any CPU = Release|Any CPU
	EndGlobalSection
	GlobalSection(ProjectConfigurationPlatforms) = postSolution
		{471CD7D0-5BDA-43A2-96A8-0A8E2572A247}.Debug|Any CPU.ActiveCfg = Debug|Any CPU
		{471CD7D0-5BDA-43A2-96A8-0A8E2572A247}.Debug|Any CPU.Build.0 = Debug|Any CPU
		{471CD7D0-5BDA-43A2-96A8-0A8E2572A247}.Release|Any CPU.ActiveCfg = Release|Any CPU
		{471CD7D0-5BDA-43A2-96A8-0A8E2572A247}.Release|Any CPU.Build.0 = Release|Any CPU
	EndGlobalSection
	GlobalSection(SolutionProperties) = preSolution
		HideSolutionNode = FALSE
	EndGlobalSection
EndGlobal
