
Microsoft Visual Studio Solution File, Format Version 11.00
# Visual Studio 2010
Project("{FAE04EC0-301F-11D3-BF4B-00C04F79EFBC}") = "Dapper.Fluent", "Dapper.Fluent.csproj", "{972D7E05-F949-42E2-9EE1-C8E631A1AC2C}"
EndProject
Project("{FAE04EC0-301F-11D3-BF4B-00C04F79EFBC}") = "Dapper.Fluent.Tests", "..\Dapper.Fluent.Test\Dapper.Fluent.Tests.csproj", "{B1D46572-91EC-4B56-A7B1-37ABCBD7D57F}"
EndProject
Project("{2150E333-8FDC-42A3-9474-1A3956D46DE8}") = "Solution Items", "Solution Items", "{C6ED7599-C41D-475B-8803-BF1C020324F5}"
	ProjectSection(SolutionItems) = preProject
		..\.gitignore = ..\.gitignore
		..\TestRunner.xunit = ..\TestRunner.xunit
	EndProjectSection
EndProject
Global
	GlobalSection(SolutionConfigurationPlatforms) = preSolution
		Debug|Any CPU = Debug|Any CPU
		Release|Any CPU = Release|Any CPU
	EndGlobalSection
	GlobalSection(ProjectConfigurationPlatforms) = postSolution
		{972D7E05-F949-42E2-9EE1-C8E631A1AC2C}.Debug|Any CPU.ActiveCfg = Debug|Any CPU
		{972D7E05-F949-42E2-9EE1-C8E631A1AC2C}.Debug|Any CPU.Build.0 = Debug|Any CPU
		{972D7E05-F949-42E2-9EE1-C8E631A1AC2C}.Release|Any CPU.ActiveCfg = Release|Any CPU
		{972D7E05-F949-42E2-9EE1-C8E631A1AC2C}.Release|Any CPU.Build.0 = Release|Any CPU
		{B1D46572-91EC-4B56-A7B1-37ABCBD7D57F}.Debug|Any CPU.ActiveCfg = Debug|Any CPU
		{B1D46572-91EC-4B56-A7B1-37ABCBD7D57F}.Debug|Any CPU.Build.0 = Debug|Any CPU
		{B1D46572-91EC-4B56-A7B1-37ABCBD7D57F}.Release|Any CPU.ActiveCfg = Release|Any CPU
		{B1D46572-91EC-4B56-A7B1-37ABCBD7D57F}.Release|Any CPU.Build.0 = Release|Any CPU
	EndGlobalSection
	GlobalSection(SolutionProperties) = preSolution
		HideSolutionNode = FALSE
	EndGlobalSection
EndGlobal
